lockfileVersion: '9.0'

settings:
  autoInstallPeers: true
  excludeLinksFromLockfile: false

importers:

  .:
    dependencies:
      '@cscfi/csc-ui-vue':
        specifier: ^0.0.2
        version: 0.0.2
      '@mdi/font':
        specifier: ^7.4.47
        version: 7.4.47
      '@mdi/js':
        specifier: ^7.4.47
        version: 7.4.47
      csc-ui:
        specifier: ^0.9.5
        version: 0.9.5
      vue:
        specifier: ^3.4.21
        version: 3.5.13(typescript@5.8.3)
    devDependencies:
      '@babel/types':
        specifier: ^7.24.0
        version: 7.27.0
      '@vitejs/plugin-vue':
        specifier: ^5.0.4
        version: 5.2.3(vite@5.4.14(@types/node@20.17.24))(vue@3.5.13(typescript@5.8.3))
      typescript:
        specifier: ^5.4.5
        version: 5.8.3
      vite:
        specifier: ^5.2.8
        version: 5.4.14(@types/node@20.17.24)
      vue-tsc:
        specifier: ^2.0.13
        version: 2.2.8(typescript@5.8.3)

packages:

  '@babel/helper-string-parser@7.25.9':
    resolution: {integrity: sha512-4A/SCr/2KLd5jrtOMFzaKjVtAei3+2r/NChoBNoZ3EyP/+GlhoaEGoWOZUmFmoITP7zOJyHIMm+DYRd8o3PvHA==}
    engines: {node: '>=6.9.0'}

  '@babel/helper-validator-identifier@7.25.9':
    resolution: {integrity: sha512-Ed61U6XJc3CVRfkERJWDz4dJwKe7iLmmJsbOGu9wSloNSFttHV0I8g6UAgb7qnK5ly5bGLPd4oXZlxCdANBOWQ==}
    engines: {node: '>=6.9.0'}

  '@babel/parser@7.26.10':
    resolution: {integrity: sha512-6aQR2zGE/QFi8JpDLjUZEPYOs7+mhKXm86VaKFiLP35JQwQb6bwUE+XbvkH0EptsYhbNBSUGaUBLKqxH1xSgsA==}
    engines: {node: '>=6.0.0'}
    hasBin: true

  '@babel/types@7.27.0':
    resolution: {integrity: sha512-H45s8fVLYjbhFH62dIJ3WtmJ6RSPt/3DRO0ZcT2SUiYiQyz3BLVb9ADEnLl91m74aQPS3AzzeajZHYOalWe3bg==}
    engines: {node: '>=6.9.0'}

  '@cscfi/csc-ui-vue@0.0.2':
    resolution: {integrity: sha512-doYKLLi2AFnKIhaZ4Lu2RLduGYiN1xnNHMcBGu9L4KZF9AgWMPH6Xv8UEV0ISMKWza0FGXL1DZkzZUankknWrQ==}

  '@esbuild/aix-ppc64@0.21.5':
    resolution: {integrity: sha512-1SDgH6ZSPTlggy1yI6+Dbkiz8xzpHJEVAlF/AM1tHPLsf5STom9rwtjE4hKAF20FfXXNTFqEYXyJNWh1GiZedQ==}
    engines: {node: '>=12'}
    cpu: [ppc64]
    os: [aix]

  '@esbuild/android-arm64@0.21.5':
    resolution: {integrity: sha512-c0uX9VAUBQ7dTDCjq+wdyGLowMdtR/GoC2U5IYk/7D1H1JYC0qseD7+11iMP2mRLN9RcCMRcjC4YMclCzGwS/A==}
    engines: {node: '>=12'}
    cpu: [arm64]
    os: [android]

  '@esbuild/android-arm@0.21.5':
    resolution: {integrity: sha512-vCPvzSjpPHEi1siZdlvAlsPxXl7WbOVUBBAowWug4rJHb68Ox8KualB+1ocNvT5fjv6wpkX6o/iEpbDrf68zcg==}
    engines: {node: '>=12'}
    cpu: [arm]
    os: [android]

  '@esbuild/android-x64@0.21.5':
    resolution: {integrity: sha512-D7aPRUUNHRBwHxzxRvp856rjUHRFW1SdQATKXH2hqA0kAZb1hKmi02OpYRacl0TxIGz/ZmXWlbZgjwWYaCakTA==}
    engines: {node: '>=12'}
    cpu: [x64]
    os: [android]

  '@esbuild/darwin-arm64@0.21.5':
    resolution: {integrity: sha512-DwqXqZyuk5AiWWf3UfLiRDJ5EDd49zg6O9wclZ7kUMv2WRFr4HKjXp/5t8JZ11QbQfUS6/cRCKGwYhtNAY88kQ==}
    engines: {node: '>=12'}
    cpu: [arm64]
    os: [darwin]

  '@esbuild/darwin-x64@0.21.5':
    resolution: {integrity: sha512-se/JjF8NlmKVG4kNIuyWMV/22ZaerB+qaSi5MdrXtd6R08kvs2qCN4C09miupktDitvh8jRFflwGFBQcxZRjbw==}
    engines: {node: '>=12'}
    cpu: [x64]
    os: [darwin]

  '@esbuild/freebsd-arm64@0.21.5':
    resolution: {integrity: sha512-5JcRxxRDUJLX8JXp/wcBCy3pENnCgBR9bN6JsY4OmhfUtIHe3ZW0mawA7+RDAcMLrMIZaf03NlQiX9DGyB8h4g==}
    engines: {node: '>=12'}
    cpu: [arm64]
    os: [freebsd]

  '@esbuild/freebsd-x64@0.21.5':
    resolution: {integrity: sha512-J95kNBj1zkbMXtHVH29bBriQygMXqoVQOQYA+ISs0/2l3T9/kj42ow2mpqerRBxDJnmkUDCaQT/dfNXWX/ZZCQ==}
    engines: {node: '>=12'}
    cpu: [x64]
    os: [freebsd]

  '@esbuild/linux-arm64@0.21.5':
    resolution: {integrity: sha512-ibKvmyYzKsBeX8d8I7MH/TMfWDXBF3db4qM6sy+7re0YXya+K1cem3on9XgdT2EQGMu4hQyZhan7TeQ8XkGp4Q==}
    engines: {node: '>=12'}
    cpu: [arm64]
    os: [linux]

  '@esbuild/linux-arm@0.21.5':
    resolution: {integrity: sha512-bPb5AHZtbeNGjCKVZ9UGqGwo8EUu4cLq68E95A53KlxAPRmUyYv2D6F0uUI65XisGOL1hBP5mTronbgo+0bFcA==}
    engines: {node: '>=12'}
    cpu: [arm]
    os: [linux]

  '@esbuild/linux-ia32@0.21.5':
    resolution: {integrity: sha512-YvjXDqLRqPDl2dvRODYmmhz4rPeVKYvppfGYKSNGdyZkA01046pLWyRKKI3ax8fbJoK5QbxblURkwK/MWY18Tg==}
    engines: {node: '>=12'}
    cpu: [ia32]
    os: [linux]

  '@esbuild/linux-loong64@0.21.5':
    resolution: {integrity: sha512-uHf1BmMG8qEvzdrzAqg2SIG/02+4/DHB6a9Kbya0XDvwDEKCoC8ZRWI5JJvNdUjtciBGFQ5PuBlpEOXQj+JQSg==}
    engines: {node: '>=12'}
    cpu: [loong64]
    os: [linux]

  '@esbuild/linux-mips64el@0.21.5':
    resolution: {integrity: sha512-IajOmO+KJK23bj52dFSNCMsz1QP1DqM6cwLUv3W1QwyxkyIWecfafnI555fvSGqEKwjMXVLokcV5ygHW5b3Jbg==}
    engines: {node: '>=12'}
    cpu: [mips64el]
    os: [linux]

  '@esbuild/linux-ppc64@0.21.5':
    resolution: {integrity: sha512-1hHV/Z4OEfMwpLO8rp7CvlhBDnjsC3CttJXIhBi+5Aj5r+MBvy4egg7wCbe//hSsT+RvDAG7s81tAvpL2XAE4w==}
    engines: {node: '>=12'}
    cpu: [ppc64]
    os: [linux]

  '@esbuild/linux-riscv64@0.21.5':
    resolution: {integrity: sha512-2HdXDMd9GMgTGrPWnJzP2ALSokE/0O5HhTUvWIbD3YdjME8JwvSCnNGBnTThKGEB91OZhzrJ4qIIxk/SBmyDDA==}
    engines: {node: '>=12'}
    cpu: [riscv64]
    os: [linux]

  '@esbuild/linux-s390x@0.21.5':
    resolution: {integrity: sha512-zus5sxzqBJD3eXxwvjN1yQkRepANgxE9lgOW2qLnmr8ikMTphkjgXu1HR01K4FJg8h1kEEDAqDcZQtbrRnB41A==}
    engines: {node: '>=12'}
    cpu: [s390x]
    os: [linux]

  '@esbuild/linux-x64@0.21.5':
    resolution: {integrity: sha512-1rYdTpyv03iycF1+BhzrzQJCdOuAOtaqHTWJZCWvijKD2N5Xu0TtVC8/+1faWqcP9iBCWOmjmhoH94dH82BxPQ==}
    engines: {node: '>=12'}
    cpu: [x64]
    os: [linux]

  '@esbuild/netbsd-x64@0.21.5':
    resolution: {integrity: sha512-Woi2MXzXjMULccIwMnLciyZH4nCIMpWQAs049KEeMvOcNADVxo0UBIQPfSmxB3CWKedngg7sWZdLvLczpe0tLg==}
    engines: {node: '>=12'}
    cpu: [x64]
    os: [netbsd]

  '@esbuild/openbsd-x64@0.21.5':
    resolution: {integrity: sha512-HLNNw99xsvx12lFBUwoT8EVCsSvRNDVxNpjZ7bPn947b8gJPzeHWyNVhFsaerc0n3TsbOINvRP2byTZ5LKezow==}
    engines: {node: '>=12'}
    cpu: [x64]
    os: [openbsd]

  '@esbuild/sunos-x64@0.21.5':
    resolution: {integrity: sha512-6+gjmFpfy0BHU5Tpptkuh8+uw3mnrvgs+dSPQXQOv3ekbordwnzTVEb4qnIvQcYXq6gzkyTnoZ9dZG+D4garKg==}
    engines: {node: '>=12'}
    cpu: [x64]
    os: [sunos]

  '@esbuild/win32-arm64@0.21.5':
    resolution: {integrity: sha512-Z0gOTd75VvXqyq7nsl93zwahcTROgqvuAcYDUr+vOv8uHhNSKROyU961kgtCD1e95IqPKSQKH7tBTslnS3tA8A==}
    engines: {node: '>=12'}
    cpu: [arm64]
    os: [win32]

  '@esbuild/win32-ia32@0.21.5':
    resolution: {integrity: sha512-SWXFF1CL2RVNMaVs+BBClwtfZSvDgtL//G/smwAc5oVK/UPu2Gu9tIaRgFmYFFKrmg3SyAjSrElf0TiJ1v8fYA==}
    engines: {node: '>=12'}
    cpu: [ia32]
    os: [win32]

  '@esbuild/win32-x64@0.21.5':
    resolution: {integrity: sha512-tQd/1efJuzPC6rCFwEvLtci/xNFcTZknmXs98FYDfGE4wP9ClFV98nyKrzJKVPMhdDnjzLhdUyMX4PsQAPjwIw==}
    engines: {node: '>=12'}
    cpu: [x64]
    os: [win32]

  '@jridgewell/sourcemap-codec@1.5.0':
    resolution: {integrity: sha512-gv3ZRaISU3fjPAgNsriBRqGWQL6quFx04YMPW/zD8XMLsU32mhCCbfbO6KZFLjvYpCZ8zyDEgqsgf+PwPaM7GQ==}

  '@mdi/font@7.4.47':
    resolution: {integrity: sha512-43MtGpd585SNzHZPcYowu/84Vz2a2g31TvPMTm9uTiCSWzaheQySUcSyUH/46fPnuPQWof2yd0pGBtzee/IQWw==}

  '@mdi/js@7.4.47':
    resolution: {integrity: sha512-KPnNOtm5i2pMabqZxpUz7iQf+mfrYZyKCZ8QNz85czgEt7cuHcGorWfdzUMWYA0SD+a6Hn4FmJ+YhzzzjkTZrQ==}

  '@rollup/rollup-android-arm-eabi@4.36.0':
    resolution: {integrity: sha512-jgrXjjcEwN6XpZXL0HUeOVGfjXhPyxAbbhD0BlXUB+abTOpbPiN5Wb3kOT7yb+uEtATNYF5x5gIfwutmuBA26w==}
    cpu: [arm]
    os: [android]

  '@rollup/rollup-android-arm64@4.36.0':
    resolution: {integrity: sha512-NyfuLvdPdNUfUNeYKUwPwKsE5SXa2J6bCt2LdB/N+AxShnkpiczi3tcLJrm5mA+eqpy0HmaIY9F6XCa32N5yzg==}
    cpu: [arm64]
    os: [android]

  '@rollup/rollup-darwin-arm64@4.34.9':
    resolution: {integrity: sha512-0CY3/K54slrzLDjOA7TOjN1NuLKERBgk9nY5V34mhmuu673YNb+7ghaDUs6N0ujXR7fz5XaS5Aa6d2TNxZd0OQ==}
    cpu: [arm64]
    os: [darwin]

  '@rollup/rollup-darwin-arm64@4.36.0':
    resolution: {integrity: sha512-JQ1Jk5G4bGrD4pWJQzWsD8I1n1mgPXq33+/vP4sk8j/z/C2siRuxZtaUA7yMTf71TCZTZl/4e1bfzwUmFb3+rw==}
    cpu: [arm64]
    os: [darwin]

  '@rollup/rollup-darwin-x64@4.34.9':
    resolution: {integrity: sha512-eOojSEAi/acnsJVYRxnMkPFqcxSMFfrw7r2iD9Q32SGkb/Q9FpUY1UlAu1DH9T7j++gZ0lHjnm4OyH2vCI7l7Q==}
    cpu: [x64]
    os: [darwin]

  '@rollup/rollup-darwin-x64@4.36.0':
    resolution: {integrity: sha512-6c6wMZa1lrtiRsbDziCmjE53YbTkxMYhhnWnSW8R/yqsM7a6mSJ3uAVT0t8Y/DGt7gxUWYuFM4bwWk9XCJrFKA==}
    cpu: [x64]
    os: [darwin]

  '@rollup/rollup-freebsd-arm64@4.36.0':
    resolution: {integrity: sha512-KXVsijKeJXOl8QzXTsA+sHVDsFOmMCdBRgFmBb+mfEb/7geR7+C8ypAml4fquUt14ZyVXaw2o1FWhqAfOvA4sg==}
    cpu: [arm64]
    os: [freebsd]

  '@rollup/rollup-freebsd-x64@4.36.0':
    resolution: {integrity: sha512-dVeWq1ebbvByI+ndz4IJcD4a09RJgRYmLccwlQ8bPd4olz3Y213uf1iwvc7ZaxNn2ab7bjc08PrtBgMu6nb4pQ==}
    cpu: [x64]
    os: [freebsd]

  '@rollup/rollup-linux-arm-gnueabihf@4.36.0':
    resolution: {integrity: sha512-bvXVU42mOVcF4le6XSjscdXjqx8okv4n5vmwgzcmtvFdifQ5U4dXFYaCB87namDRKlUL9ybVtLQ9ztnawaSzvg==}
    cpu: [arm]
    os: [linux]

  '@rollup/rollup-linux-arm-musleabihf@4.36.0':
    resolution: {integrity: sha512-JFIQrDJYrxOnyDQGYkqnNBtjDwTgbasdbUiQvcU8JmGDfValfH1lNpng+4FWlhaVIR4KPkeddYjsVVbmJYvDcg==}
    cpu: [arm]
    os: [linux]

  '@rollup/rollup-linux-arm64-gnu@4.34.9':
    resolution: {integrity: sha512-6TZjPHjKZUQKmVKMUowF3ewHxctrRR09eYyvT5eFv8w/fXarEra83A2mHTVJLA5xU91aCNOUnM+DWFMSbQ0Nxw==}
    cpu: [arm64]
    os: [linux]

  '@rollup/rollup-linux-arm64-gnu@4.36.0':
    resolution: {integrity: sha512-KqjYVh3oM1bj//5X7k79PSCZ6CvaVzb7Qs7VMWS+SlWB5M8p3FqufLP9VNp4CazJ0CsPDLwVD9r3vX7Ci4J56A==}
    cpu: [arm64]
    os: [linux]

  '@rollup/rollup-linux-arm64-musl@4.34.9':
    resolution: {integrity: sha512-LD2fytxZJZ6xzOKnMbIpgzFOuIKlxVOpiMAXawsAZ2mHBPEYOnLRK5TTEsID6z4eM23DuO88X0Tq1mErHMVq0A==}
    cpu: [arm64]
    os: [linux]

  '@rollup/rollup-linux-arm64-musl@4.36.0':
    resolution: {integrity: sha512-QiGnhScND+mAAtfHqeT+cB1S9yFnNQ/EwCg5yE3MzoaZZnIV0RV9O5alJAoJKX/sBONVKeZdMfO8QSaWEygMhw==}
    cpu: [arm64]
    os: [linux]

  '@rollup/rollup-linux-loongarch64-gnu@4.36.0':
    resolution: {integrity: sha512-1ZPyEDWF8phd4FQtTzMh8FQwqzvIjLsl6/84gzUxnMNFBtExBtpL51H67mV9xipuxl1AEAerRBgBwFNpkw8+Lg==}
    cpu: [loong64]
    os: [linux]

  '@rollup/rollup-linux-powerpc64le-gnu@4.36.0':
    resolution: {integrity: sha512-VMPMEIUpPFKpPI9GZMhJrtu8rxnp6mJR3ZzQPykq4xc2GmdHj3Q4cA+7avMyegXy4n1v+Qynr9fR88BmyO74tg==}
    cpu: [ppc64]
    os: [linux]

  '@rollup/rollup-linux-riscv64-gnu@4.36.0':
    resolution: {integrity: sha512-ttE6ayb/kHwNRJGYLpuAvB7SMtOeQnVXEIpMtAvx3kepFQeowVED0n1K9nAdraHUPJ5hydEMxBpIR7o4nrm8uA==}
    cpu: [riscv64]
    os: [linux]

  '@rollup/rollup-linux-s390x-gnu@4.36.0':
    resolution: {integrity: sha512-4a5gf2jpS0AIe7uBjxDeUMNcFmaRTbNv7NxI5xOCs4lhzsVyGR/0qBXduPnoWf6dGC365saTiwag8hP1imTgag==}
    cpu: [s390x]
    os: [linux]

  '@rollup/rollup-linux-x64-gnu@4.34.9':
    resolution: {integrity: sha512-FwBHNSOjUTQLP4MG7y6rR6qbGw4MFeQnIBrMe161QGaQoBQLqSUEKlHIiVgF3g/mb3lxlxzJOpIBhaP+C+KP2A==}
    cpu: [x64]
    os: [linux]

  '@rollup/rollup-linux-x64-gnu@4.36.0':
    resolution: {integrity: sha512-5KtoW8UWmwFKQ96aQL3LlRXX16IMwyzMq/jSSVIIyAANiE1doaQsx/KRyhAvpHlPjPiSU/AYX/8m+lQ9VToxFQ==}
    cpu: [x64]
    os: [linux]

  '@rollup/rollup-linux-x64-musl@4.34.9':
    resolution: {integrity: sha512-cYRpV4650z2I3/s6+5/LONkjIz8MBeqrk+vPXV10ORBnshpn8S32bPqQ2Utv39jCiDcO2eJTuSlPXpnvmaIgRA==}
    cpu: [x64]
    os: [linux]

  '@rollup/rollup-linux-x64-musl@4.36.0':
    resolution: {integrity: sha512-sycrYZPrv2ag4OCvaN5js+f01eoZ2U+RmT5as8vhxiFz+kxwlHrsxOwKPSA8WyS+Wc6Epid9QeI/IkQ9NkgYyQ==}
    cpu: [x64]
    os: [linux]

  '@rollup/rollup-win32-arm64-msvc@4.34.9':
    resolution: {integrity: sha512-z4mQK9dAN6byRA/vsSgQiPeuO63wdiDxZ9yg9iyX2QTzKuQM7T4xlBoeUP/J8uiFkqxkcWndWi+W7bXdPbt27Q==}
    cpu: [arm64]
    os: [win32]

  '@rollup/rollup-win32-arm64-msvc@4.36.0':
    resolution: {integrity: sha512-qbqt4N7tokFwwSVlWDsjfoHgviS3n/vZ8LK0h1uLG9TYIRuUTJC88E1xb3LM2iqZ/WTqNQjYrtmtGmrmmawB6A==}
    cpu: [arm64]
    os: [win32]

  '@rollup/rollup-win32-ia32-msvc@4.36.0':
    resolution: {integrity: sha512-t+RY0JuRamIocMuQcfwYSOkmdX9dtkr1PbhKW42AMvaDQa+jOdpUYysroTF/nuPpAaQMWp7ye+ndlmmthieJrQ==}
    cpu: [ia32]
    os: [win32]

  '@rollup/rollup-win32-x64-msvc@4.34.9':
    resolution: {integrity: sha512-AyleYRPU7+rgkMWbEh71fQlrzRfeP6SyMnRf9XX4fCdDPAJumdSBqYEcWPMzVQ4ScAl7E4oFfK0GUVn77xSwbw==}
    cpu: [x64]
    os: [win32]

  '@rollup/rollup-win32-x64-msvc@4.36.0':
    resolution: {integrity: sha512-aRXd7tRZkWLqGbChgcMMDEHjOKudo1kChb1Jt1IfR8cY/KIpgNviLeJy5FUb9IpSuQj8dU2fAYNMPW/hLKOSTw==}
    cpu: [x64]
    os: [win32]

  '@stencil/core@4.28.2':
    resolution: {integrity: sha512-sHwBNionxzHfmjQ93ffaQOBNvd5HrSn8e5KSsiBBaODgC/g9squZoARYHHJ0VFfUpOXkEoZQ+ASixpUBafG9bA==}
    engines: {node: '>=16.0.0', npm: '>=7.10.0'}
    hasBin: true

  '@types/estree@1.0.6':
    resolution: {integrity: sha512-AYnb1nQyY49te+VRAVgmzfcgjYS91mY5P0TKUDCLEM+gNnA+3T6rWITXRLYCpahpqSQbN5cE+gHpnPyXjHWxcw==}

  '@types/node@20.17.24':
    resolution: {integrity: sha512-d7fGCyB96w9BnWQrOsJtpyiSaBcAYYr75bnK6ZRjDbql2cGLj/3GsL5OYmLPNq76l7Gf2q4Rv9J2o6h5CrD9sA==}

  '@vitejs/plugin-vue@5.2.3':
    resolution: {integrity: sha512-IYSLEQj4LgZZuoVpdSUCw3dIynTWQgPlaRP6iAvMle4My0HdYwr5g5wQAfwOeHQBmYwEkqF70nRpSilr6PoUDg==}
    engines: {node: ^18.0.0 || >=20.0.0}
    peerDependencies:
      vite: ^5.0.0 || ^6.0.0
      vue: ^3.2.25

  '@volar/language-core@2.4.12':
    resolution: {integrity: sha512-RLrFdXEaQBWfSnYGVxvR2WrO6Bub0unkdHYIdC31HzIEqATIuuhRRzYu76iGPZ6OtA4Au1SnW0ZwIqPP217YhA==}

  '@volar/source-map@2.4.12':
    resolution: {integrity: sha512-bUFIKvn2U0AWojOaqf63ER0N/iHIBYZPpNGogfLPQ68F5Eet6FnLlyho7BS0y2HJ1jFhSif7AcuTx1TqsCzRzw==}

  '@volar/typescript@2.4.12':
    resolution: {integrity: sha512-HJB73OTJDgPc80K30wxi3if4fSsZZAOScbj2fcicMuOPoOkcf9NNAINb33o+DzhBdF9xTKC1gnPmIRDous5S0g==}

  '@vue/compiler-core@3.5.13':
    resolution: {integrity: sha512-oOdAkwqUfW1WqpwSYJce06wvt6HljgY3fGeM9NcVA1HaYOij3mZG9Rkysn0OHuyUAGMbEbARIpsG+LPVlBJ5/Q==}

  '@vue/compiler-dom@3.5.13':
    resolution: {integrity: sha512-ZOJ46sMOKUjO3e94wPdCzQ6P1Lx/vhp2RSvfaab88Ajexs0AHeV0uasYhi99WPaogmBlRHNRuly8xV75cNTMDA==}

  '@vue/compiler-sfc@3.5.13':
    resolution: {integrity: sha512-6VdaljMpD82w6c2749Zhf5T9u5uLBWKnVue6XWxprDobftnletJ8+oel7sexFfM3qIxNmVE7LSFGTpv6obNyaQ==}

  '@vue/compiler-ssr@3.5.13':
    resolution: {integrity: sha512-wMH6vrYHxQl/IybKJagqbquvxpWCuVYpoUJfCqFZwa/JY1GdATAQ+TgVtgrwwMZ0D07QhA99rs/EAAWfvG6KpA==}

  '@vue/compiler-vue2@2.7.16':
    resolution: {integrity: sha512-qYC3Psj9S/mfu9uVi5WvNZIzq+xnXMhOwbTFKKDD7b1lhpnn71jXSFdTQ+WsIEk0ONCd7VV2IMm7ONl6tbQ86A==}

  '@vue/language-core@2.2.8':
    resolution: {integrity: sha512-rrzB0wPGBvcwaSNRriVWdNAbHQWSf0NlGqgKHK5mEkXpefjUlVRP62u03KvwZpvKVjRnBIQ/Lwre+Mx9N6juUQ==}
    peerDependencies:
      typescript: '*'
    peerDependenciesMeta:
      typescript:
        optional: true

  '@vue/reactivity@3.5.13':
    resolution: {integrity: sha512-NaCwtw8o48B9I6L1zl2p41OHo/2Z4wqYGGIK1Khu5T7yxrn+ATOixn/Udn2m+6kZKB/J7cuT9DbWWhRxqixACg==}

  '@vue/runtime-core@3.5.13':
    resolution: {integrity: sha512-Fj4YRQ3Az0WTZw1sFe+QDb0aXCerigEpw418pw1HBUKFtnQHWzwojaukAs2X/c9DQz4MQ4bsXTGlcpGxU/RCIw==}

  '@vue/runtime-dom@3.5.13':
    resolution: {integrity: sha512-dLaj94s93NYLqjLiyFzVs9X6dWhTdAlEAciC3Moq7gzAc13VJUdCnjjRurNM6uTLFATRHexHCTu/Xp3eW6yoog==}

  '@vue/server-renderer@3.5.13':
    resolution: {integrity: sha512-wAi4IRJV/2SAW3htkTlB+dHeRmpTiVIK1OGLWV1yeStVSebSQQOwGwIq0D3ZIoBj2C2qpgz5+vX9iEBkTdk5YA==}
    peerDependencies:
      vue: 3.5.13

  '@vue/shared@3.5.13':
    resolution: {integrity: sha512-/hnE/qP5ZoGpol0a5mDi45bOd7t3tjYJBjsgCsivow7D48cJeV5l05RD82lPqi7gRiphZM37rnhW1l6ZoCNNnQ==}

  alien-signals@1.0.4:
    resolution: {integrity: sha512-DJqqQD3XcsaQcQ1s+iE2jDUZmmQpXwHiR6fCAim/w87luaW+vmLY8fMlrdkmRwzaFXhkxf3rqPCR59tKVv1MDw==}

  balanced-match@1.0.2:
    resolution: {integrity: sha512-3oSeUO0TMV67hN1AmbXsK4yaqU7tjiHlbxRDZOpH0KW9+CeX4bRAaX0Anxt0tx2MrpRpWwQaPwIlISEJhYU5Pw==}

  brace-expansion@2.0.1:
    resolution: {integrity: sha512-XnAIvQ8eM+kC6aULx6wuQiwVsnzsi9d3WxzV3FpWTGA19F621kwdbsAcFKXgKUHZWsy+mY6iL1sHTxWEFCytDA==}

  csc-ui@0.9.5:
    resolution: {integrity: sha512-GJsl24TWr3sA4RHqXPB6klk6L3dhx+I1cZo1NcAo6WXcdRU8Z1TaMZocsRS9mlxH5evkndf0W7PrUISRgAjmfg==}

  csstype@3.1.3:
    resolution: {integrity: sha512-M1uQkMl8rQK/szD0LNhtqxIPLpimGm8sOBwU7lLnCpSbTyY3yeU1Vc7l4KT5zT4s/yOxHH5O7tIuuLOCnLADRw==}

  de-indent@1.0.2:
    resolution: {integrity: sha512-e/1zu3xH5MQryN2zdVaF0OrdNLUbvWxzMbi+iNA6Bky7l1RoP8a2fIbRocyHclXt/arDrrR6lL3TqFD9pMQTsg==}

  entities@4.5.0:
    resolution: {integrity: sha512-V0hjH4dGPh9Ao5p0MoRY6BVqtwCjhz6vI5LT8AJ55H+4g9/4vbHx1I54fS0XuclLhDHArPQCiMjDxjaL8fPxhw==}
    engines: {node: '>=0.12'}

  esbuild@0.21.5:
    resolution: {integrity: sha512-mg3OPMV4hXywwpoDxu3Qda5xCKQi+vCTZq8S9J/EpkhB2HzKXq4SNFZE3+NK93JYxc8VMSep+lOUSC/RVKaBqw==}
    engines: {node: '>=12'}
    hasBin: true

  estree-walker@2.0.2:
    resolution: {integrity: sha512-Rfkk/Mp/DL7JVje3u18FxFujQlTNR2q6QfMSMB7AvCBx91NGj/ba3kCfza0f6dVDbw7YlRf/nDrn7pQrCCyQ/w==}

  fsevents@2.3.3:
    resolution: {integrity: sha512-5xoDfX+fL7faATnagmWPpbFtwh/R77WmMMqqHGS65C3vvB0YHrgF+B1YmZ3441tMj5n63k0212XNoJwzlhffQw==}
    engines: {node: ^8.16.0 || ^10.6.0 || >=11.0.0}
    os: [darwin]

  he@1.2.0:
    resolution: {integrity: sha512-F/1DnUGPopORZi0ni+CvrCgHQ5FyEAHRLSApuYWMmrbSwoN2Mn/7k+Gl38gJnR7yyDZk6WLXwiGod1JOWNDKGw==}
    hasBin: true

  magic-string@0.30.17:
    resolution: {integrity: sha512-sNPKHvyjVf7gyjwS4xGTaW/mCnF8wnjtifKBEhxfZ7E/S8tQ0rssrwGNn6q8JH/ohItJfSQp9mBtQYuTlH5QnA==}

  minimatch@9.0.5:
    resolution: {integrity: sha512-G6T0ZX48xgozx7587koeX9Ys2NYy6Gmv//P89sEte9V9whIapMNF4idKxnW2QtCcLiTWlb/wfCabAtAFWhhBow==}
    engines: {node: '>=16 || 14 >=14.17'}

  muggle-string@0.4.1:
    resolution: {integrity: sha512-VNTrAak/KhO2i8dqqnqnAHOa3cYBwXEZe9h+D5h/1ZqFSTEFHdM65lR7RoIqq3tBBYavsOXV84NoHXZ0AkPyqQ==}

  nanoid@3.3.10:
    resolution: {integrity: sha512-vSJJTG+t/dIKAUhUDw/dLdZ9s//5OxcHqLaDWWrW4Cdq7o6tdLIczUkMXt2MBNmk6sJRZBZRXVixs7URY1CmIg==}
    engines: {node: ^10 || ^12 || ^13.7 || ^14 || >=15.0.1}
    hasBin: true

  normalize.css@8.0.1:
    resolution: {integrity: sha512-qizSNPO93t1YUuUhP22btGOo3chcvDFqFaj2TRybP0DMxkHOCTYwp3n34fel4a31ORXy4m1Xq0Gyqpb5m33qIg==}

  path-browserify@1.0.1:
    resolution: {integrity: sha512-b7uo2UCUOYZcnF/3ID0lulOJi/bafxa1xPe7ZPsammBSpjSWQkjNxlt635YGS2MiR9GjvuXCtz2emr3jbsz98g==}

  picocolors@1.1.1:
    resolution: {integrity: sha512-xceH2snhtb5M9liqDsmEw56le376mTZkEX/jEb/RxNFyegNul7eNslCXP9FDj/Lcu0X8KEyMceP2ntpaHrDEVA==}

  postcss@8.5.3:
    resolution: {integrity: sha512-dle9A3yYxlBSrt8Fu+IpjGT8SY8hN0mlaA6GY8t0P5PjIOZemULz/E2Bnm/2dcUOena75OTNkHI76uZBNUUq3A==}
    engines: {node: ^10 || ^12 || >=14}

  rollup@4.36.0:
    resolution: {integrity: sha512-zwATAXNQxUcd40zgtQG0ZafcRK4g004WtEl7kbuhTWPvf07PsfohXl39jVUvPF7jvNAIkKPQ2XrsDlWuxBd++Q==}
    engines: {node: '>=18.0.0', npm: '>=8.0.0'}
    hasBin: true

  source-map-js@1.2.1:
    resolution: {integrity: sha512-UXWMKhLOwVKb728IUtQPXxfYU+usdybtUrK/8uGE8CQMvrhOpwvzDBwj0QhSL7MQc7vIsISBG8VQ8+IDQxpfQA==}
    engines: {node: '>=0.10.0'}

  ssr-window@4.0.2:
    resolution: {integrity: sha512-ISv/Ch+ig7SOtw7G2+qkwfVASzazUnvlDTwypdLoPoySv+6MqlOV10VwPSE6EWkGjhW50lUmghPmpYZXMu/+AQ==}

  stencil-click-outside@1.8.0:
    resolution: {integrity: sha512-eJiZbAAj3sE1nMK+F5Ihi4GzU9/P2sZmy94JaDm5ehAaVaWraDsBsA5+zAuXwORPnphJVEY4zIxX1uXhU19MFQ==}
    peerDependencies:
      '@stencil/core': '>=1.9.0'

  swiper@9.4.1:
    resolution: {integrity: sha512-1nT2T8EzUpZ0FagEqaN/YAhRj33F2x/lN6cyB0/xoYJDMf8KwTFT3hMOeoB8Tg4o3+P/CKqskP+WX0Df046fqA==}
    engines: {node: '>= 4.7.0'}

  typescript@5.8.3:
    resolution: {integrity: sha512-p1diW6TqL9L07nNxvRMM7hMMw4c5XOo/1ibL4aAIGmSAt9slTE1Xgw5KWuof2uTOvCg9BY7ZRi+GaF+7sfgPeQ==}
    engines: {node: '>=14.17'}
    hasBin: true

  undici-types@6.19.8:
    resolution: {integrity: sha512-ve2KP6f/JnbPBFyobGHuerC9g1FYGn/F8n1LWTwNxCEzd6IfqTwUQcNXgEtmmQ6DlRrC1hrSrBnCZPokRrDHjw==}

  uuid@9.0.1:
    resolution: {integrity: sha512-b+1eJOlsR9K8HJpow9Ok3fiWOWSIcIzXodvv0rQjVoOVNpWMpxf1wZNpt4y9h10odCNrqnYp1OBzRktckBe3sA==}
    hasBin: true

  vite@5.4.14:
    resolution: {integrity: sha512-EK5cY7Q1D8JNhSaPKVK4pwBFvaTmZxEnoKXLG/U9gmdDcihQGNzFlgIvaxezFR4glP1LsuiedwMBqCXH3wZccA==}
    engines: {node: ^18.0.0 || >=20.0.0}
    hasBin: true
    peerDependencies:
      '@types/node': ^18.0.0 || >=20.0.0
      less: '*'
      lightningcss: ^1.21.0
      sass: '*'
      sass-embedded: '*'
      stylus: '*'
      sugarss: '*'
      terser: ^5.4.0
    peerDependenciesMeta:
      '@types/node':
        optional: true
      less:
        optional: true
      lightningcss:
        optional: true
      sass:
        optional: true
      sass-embedded:
        optional: true
      stylus:
        optional: true
      sugarss:
        optional: true
      terser:
        optional: true

  vscode-uri@3.1.0:
    resolution: {integrity: sha512-/BpdSx+yCQGnCvecbyXdxHDkuk55/G3xwnC0GqY4gmQ3j+A+g8kzzgB4Nk/SINjqn6+waqw3EgbVF2QKExkRxQ==}

  vue-tsc@2.2.8:
    resolution: {integrity: sha512-jBYKBNFADTN+L+MdesNX/TB3XuDSyaWynKMDgR+yCSln0GQ9Tfb7JS2lr46s2LiFUT1WsmfWsSvIElyxzOPqcQ==}
    hasBin: true
    peerDependencies:
      typescript: '>=5.0.0'

  vue@3.5.13:
    resolution: {integrity: sha512-wmeiSMxkZCSc+PM2w2VRsOYAZC8GdipNFRTsLSfodVqI9mbejKeXEGr8SckuLnrQPGe3oJN5c3K0vpoU9q/wCQ==}
    peerDependencies:
      typescript: '*'
    peerDependenciesMeta:
      typescript:
        optional: true

snapshots:

  '@babel/helper-string-parser@7.25.9': {}

  '@babel/helper-validator-identifier@7.25.9': {}

  '@babel/parser@7.26.10':
    dependencies:
      '@babel/types': 7.27.0

  '@babel/types@7.27.0':
    dependencies:
      '@babel/helper-string-parser': 7.25.9
      '@babel/helper-validator-identifier': 7.25.9

  '@cscfi/csc-ui-vue@0.0.2': {}

  '@esbuild/aix-ppc64@0.21.5':
    optional: true

  '@esbuild/android-arm64@0.21.5':
    optional: true

  '@esbuild/android-arm@0.21.5':
    optional: true

  '@esbuild/android-x64@0.21.5':
    optional: true

  '@esbuild/darwin-arm64@0.21.5':
    optional: true

  '@esbuild/darwin-x64@0.21.5':
    optional: true

  '@esbuild/freebsd-arm64@0.21.5':
    optional: true

  '@esbuild/freebsd-x64@0.21.5':
    optional: true

  '@esbuild/linux-arm64@0.21.5':
    optional: true

  '@esbuild/linux-arm@0.21.5':
    optional: true

  '@esbuild/linux-ia32@0.21.5':
    optional: true

  '@esbuild/linux-loong64@0.21.5':
    optional: true

  '@esbuild/linux-mips64el@0.21.5':
    optional: true

  '@esbuild/linux-ppc64@0.21.5':
    optional: true

  '@esbuild/linux-riscv64@0.21.5':
    optional: true

  '@esbuild/linux-s390x@0.21.5':
    optional: true

  '@esbuild/linux-x64@0.21.5':
    optional: true

  '@esbuild/netbsd-x64@0.21.5':
    optional: true

  '@esbuild/openbsd-x64@0.21.5':
    optional: true

  '@esbuild/sunos-x64@0.21.5':
    optional: true

  '@esbuild/win32-arm64@0.21.5':
    optional: true

  '@esbuild/win32-ia32@0.21.5':
    optional: true

  '@esbuild/win32-x64@0.21.5':
    optional: true

  '@jridgewell/sourcemap-codec@1.5.0': {}

  '@mdi/font@7.4.47': {}

  '@mdi/js@7.4.47': {}

  '@rollup/rollup-android-arm-eabi@4.36.0':
    optional: true

  '@rollup/rollup-android-arm64@4.36.0':
    optional: true

  '@rollup/rollup-darwin-arm64@4.34.9':
    optional: true

  '@rollup/rollup-darwin-arm64@4.36.0':
    optional: true

  '@rollup/rollup-darwin-x64@4.34.9':
    optional: true

  '@rollup/rollup-darwin-x64@4.36.0':
    optional: true

  '@rollup/rollup-freebsd-arm64@4.36.0':
    optional: true

  '@rollup/rollup-freebsd-x64@4.36.0':
    optional: true

  '@rollup/rollup-linux-arm-gnueabihf@4.36.0':
    optional: true

  '@rollup/rollup-linux-arm-musleabihf@4.36.0':
    optional: true

  '@rollup/rollup-linux-arm64-gnu@4.34.9':
    optional: true

  '@rollup/rollup-linux-arm64-gnu@4.36.0':
    optional: true

  '@rollup/rollup-linux-arm64-musl@4.34.9':
    optional: true

  '@rollup/rollup-linux-arm64-musl@4.36.0':
    optional: true

  '@rollup/rollup-linux-loongarch64-gnu@4.36.0':
    optional: true

  '@rollup/rollup-linux-powerpc64le-gnu@4.36.0':
    optional: true

  '@rollup/rollup-linux-riscv64-gnu@4.36.0':
    optional: true

  '@rollup/rollup-linux-s390x-gnu@4.36.0':
    optional: true

  '@rollup/rollup-linux-x64-gnu@4.34.9':
    optional: true

  '@rollup/rollup-linux-x64-gnu@4.36.0':
    optional: true

  '@rollup/rollup-linux-x64-musl@4.34.9':
    optional: true

  '@rollup/rollup-linux-x64-musl@4.36.0':
    optional: true

  '@rollup/rollup-win32-arm64-msvc@4.34.9':
    optional: true

  '@rollup/rollup-win32-arm64-msvc@4.36.0':
    optional: true

  '@rollup/rollup-win32-ia32-msvc@4.36.0':
    optional: true

  '@rollup/rollup-win32-x64-msvc@4.34.9':
    optional: true

  '@rollup/rollup-win32-x64-msvc@4.36.0':
    optional: true

  '@stencil/core@4.28.2':
    optionalDependencies:
      '@rollup/rollup-darwin-arm64': 4.34.9
      '@rollup/rollup-darwin-x64': 4.34.9
      '@rollup/rollup-linux-arm64-gnu': 4.34.9
      '@rollup/rollup-linux-arm64-musl': 4.34.9
      '@rollup/rollup-linux-x64-gnu': 4.34.9
      '@rollup/rollup-linux-x64-musl': 4.34.9
      '@rollup/rollup-win32-arm64-msvc': 4.34.9
      '@rollup/rollup-win32-x64-msvc': 4.34.9

  '@types/estree@1.0.6': {}

  '@types/node@20.17.24':
    dependencies:
      undici-types: 6.19.8

  '@vitejs/plugin-vue@5.2.3(vite@5.4.14(@types/node@20.17.24))(vue@3.5.13(typescript@5.8.3))':
    dependencies:
      vite: 5.4.14(@types/node@20.17.24)
      vue: 3.5.13(typescript@5.8.3)

  '@volar/language-core@2.4.12':
    dependencies:
      '@volar/source-map': 2.4.12

  '@volar/source-map@2.4.12': {}

  '@volar/typescript@2.4.12':
    dependencies:
      '@volar/language-core': 2.4.12
      path-browserify: 1.0.1
      vscode-uri: 3.1.0

  '@vue/compiler-core@3.5.13':
    dependencies:
      '@babel/parser': 7.26.10
      '@vue/shared': 3.5.13
      entities: 4.5.0
      estree-walker: 2.0.2
      source-map-js: 1.2.1

  '@vue/compiler-dom@3.5.13':
    dependencies:
      '@vue/compiler-core': 3.5.13
      '@vue/shared': 3.5.13

  '@vue/compiler-sfc@3.5.13':
    dependencies:
      '@babel/parser': 7.26.10
      '@vue/compiler-core': 3.5.13
      '@vue/compiler-dom': 3.5.13
      '@vue/compiler-ssr': 3.5.13
      '@vue/shared': 3.5.13
      estree-walker: 2.0.2
      magic-string: 0.30.17
      postcss: 8.5.3
      source-map-js: 1.2.1

  '@vue/compiler-ssr@3.5.13':
    dependencies:
      '@vue/compiler-dom': 3.5.13
      '@vue/shared': 3.5.13

  '@vue/compiler-vue2@2.7.16':
    dependencies:
      de-indent: 1.0.2
      he: 1.2.0

  '@vue/language-core@2.2.8(typescript@5.8.3)':
    dependencies:
      '@volar/language-core': 2.4.12
      '@vue/compiler-dom': 3.5.13
      '@vue/compiler-vue2': 2.7.16
      '@vue/shared': 3.5.13
      alien-signals: 1.0.4
      minimatch: 9.0.5
      muggle-string: 0.4.1
      path-browserify: 1.0.1
    optionalDependencies:
      typescript: 5.8.3

  '@vue/reactivity@3.5.13':
    dependencies:
      '@vue/shared': 3.5.13

  '@vue/runtime-core@3.5.13':
    dependencies:
      '@vue/reactivity': 3.5.13
      '@vue/shared': 3.5.13

  '@vue/runtime-dom@3.5.13':
    dependencies:
      '@vue/reactivity': 3.5.13
      '@vue/runtime-core': 3.5.13
      '@vue/shared': 3.5.13
      csstype: 3.1.3

  '@vue/server-renderer@3.5.13(vue@3.5.13(typescript@5.8.3))':
    dependencies:
      '@vue/compiler-ssr': 3.5.13
      '@vue/shared': 3.5.13
      vue: 3.5.13(typescript@5.8.3)

  '@vue/shared@3.5.13': {}

  alien-signals@1.0.4: {}

  balanced-match@1.0.2: {}

  brace-expansion@2.0.1:
    dependencies:
      balanced-match: 1.0.2

  csc-ui@0.9.5:
    dependencies:
      '@mdi/js': 7.4.47
      '@stencil/core': 4.28.2
      '@types/node': 20.17.24
      normalize.css: 8.0.1
      stencil-click-outside: 1.8.0(@stencil/core@4.28.2)
      swiper: 9.4.1
      uuid: 9.0.1

  csstype@3.1.3: {}

  de-indent@1.0.2: {}

  entities@4.5.0: {}

  esbuild@0.21.5:
    optionalDependencies:
      '@esbuild/aix-ppc64': 0.21.5
      '@esbuild/android-arm': 0.21.5
      '@esbuild/android-arm64': 0.21.5
      '@esbuild/android-x64': 0.21.5
      '@esbuild/darwin-arm64': 0.21.5
      '@esbuild/darwin-x64': 0.21.5
      '@esbuild/freebsd-arm64': 0.21.5
      '@esbuild/freebsd-x64': 0.21.5
      '@esbuild/linux-arm': 0.21.5
      '@esbuild/linux-arm64': 0.21.5
      '@esbuild/linux-ia32': 0.21.5
      '@esbuild/linux-loong64': 0.21.5
      '@esbuild/linux-mips64el': 0.21.5
      '@esbuild/linux-ppc64': 0.21.5
      '@esbuild/linux-riscv64': 0.21.5
      '@esbuild/linux-s390x': 0.21.5
      '@esbuild/linux-x64': 0.21.5
      '@esbuild/netbsd-x64': 0.21.5
      '@esbuild/openbsd-x64': 0.21.5
      '@esbuild/sunos-x64': 0.21.5
      '@esbuild/win32-arm64': 0.21.5
      '@esbuild/win32-ia32': 0.21.5
      '@esbuild/win32-x64': 0.21.5

  estree-walker@2.0.2: {}

  fsevents@2.3.3:
    optional: true

  he@1.2.0: {}

  magic-string@0.30.17:
    dependencies:
      '@jridgewell/sourcemap-codec': 1.5.0

  minimatch@9.0.5:
    dependencies:
      brace-expansion: 2.0.1

  muggle-string@0.4.1: {}

  nanoid@3.3.10: {}

  normalize.css@8.0.1: {}

  path-browserify@1.0.1: {}

  picocolors@1.1.1: {}

  postcss@8.5.3:
    dependencies:
      nanoid: 3.3.10
      picocolors: 1.1.1
      source-map-js: 1.2.1

  rollup@4.36.0:
    dependencies:
      '@types/estree': 1.0.6
    optionalDependencies:
      '@rollup/rollup-android-arm-eabi': 4.36.0
      '@rollup/rollup-android-arm64': 4.36.0
      '@rollup/rollup-darwin-arm64': 4.36.0
      '@rollup/rollup-darwin-x64': 4.36.0
      '@rollup/rollup-freebsd-arm64': 4.36.0
      '@rollup/rollup-freebsd-x64': 4.36.0
      '@rollup/rollup-linux-arm-gnueabihf': 4.36.0
      '@rollup/rollup-linux-arm-musleabihf': 4.36.0
      '@rollup/rollup-linux-arm64-gnu': 4.36.0
      '@rollup/rollup-linux-arm64-musl': 4.36.0
      '@rollup/rollup-linux-loongarch64-gnu': 4.36.0
      '@rollup/rollup-linux-powerpc64le-gnu': 4.36.0
      '@rollup/rollup-linux-riscv64-gnu': 4.36.0
      '@rollup/rollup-linux-s390x-gnu': 4.36.0
      '@rollup/rollup-linux-x64-gnu': 4.36.0
      '@rollup/rollup-linux-x64-musl': 4.36.0
      '@rollup/rollup-win32-arm64-msvc': 4.36.0
      '@rollup/rollup-win32-ia32-msvc': 4.36.0
      '@rollup/rollup-win32-x64-msvc': 4.36.0
      fsevents: 2.3.3

  source-map-js@1.2.1: {}

  ssr-window@4.0.2: {}

  stencil-click-outside@1.8.0(@stencil/core@4.28.2):
    dependencies:
      '@stencil/core': 4.28.2

  swiper@9.4.1:
    dependencies:
      ssr-window: 4.0.2

  typescript@5.8.3: {}

  undici-types@6.19.8: {}

  uuid@9.0.1: {}

  vite@5.4.14(@types/node@20.17.24):
    dependencies:
      esbuild: 0.21.5
      postcss: 8.5.3
      rollup: 4.36.0
    optionalDependencies:
      '@types/node': 20.17.24
      fsevents: 2.3.3

  vscode-uri@3.1.0: {}

  vue-tsc@2.2.8(typescript@5.8.3):
    dependencies:
      '@volar/typescript': 2.4.12
      '@vue/language-core': 2.2.8(typescript@5.8.3)
      typescript: 5.8.3

  vue@3.5.13(typescript@5.8.3):
    dependencies:
      '@vue/compiler-dom': 3.5.13
      '@vue/compiler-sfc': 3.5.13
      '@vue/runtime-dom': 3.5.13
      '@vue/server-renderer': 3.5.13(vue@3.5.13(typescript@5.8.3))
      '@vue/shared': 3.5.13
    optionalDependencies:
      typescript: 5.8.3
